
Microsoft Visual Studio Solution File, Format Version 12.00
# Visual Studio 2013
VisualStudioVersion = 12.0.40629.0
MinimumVisualStudioVersion = 10.0.40219.1
Project("{8BC9CEB8-8B4A-11D0-8D11-00A0C91BC942}") = "LoggerDemo", "LoggerDemo\LoggerDemo.vcxproj", "{C6331299-4D9C-422F-90CA-063D90B53852}"
EndProject
Global
	GlobalSection(SolutionConfigurationPlatforms) = preSolution
		Debug|Win32 = Debug|Win32
		Release|Win32 = Release|Win32
	EndGlobalSection
	GlobalSection(ProjectConfigurationPlatforms) = postSolution
		{C6331299-4D9C-422F-90CA-063D90B53852}.Debug|Win32.ActiveCfg = Debug|Win32
		{C6331299-4D9C-422F-90CA-063D90B53852}.Debug|Win32.Build.0 = Debug|Win32
		{C6331299-4D9C-422F-90CA-063D90B53852}.Release|Win32.ActiveCfg = Release|Win32
		{C6331299-4D9C-422F-90CA-063D90B53852}.Release|Win32.Build.0 = Release|Win32
	EndGlobalSection
	GlobalSection(SolutionProperties) = preSolution
		HideSolutionNode = FALSE
	EndGlobalSection
EndGlobal
